
Microsoft Visual Studio Solution File, Format Version 12.00
# Visual Studio Version 17
VisualStudioVersion = 17.11.35327.3
MinimumVisualStudioVersion = 10.0.40219.1
Project("{9A19103F-16F7-4668-BE54-9A1E7A4F7556}") = "backend", "backend.csproj", "{74D5C1AB-E9AF-4380-BBE3-1B421B4B18DE}"
EndProject
Project("{54A90642-561A-4BB1-A94E-469ADEE60C69}") = "frontend", "..\frontend\frontend.esproj", "{327738AD-5750-43BA-9BCD-AC3A878E883F}"
EndProject
Global
	GlobalSection(SolutionConfigurationPlatforms) = preSolution
		Debug|Any CPU = Debug|Any CPU
		Release|Any CPU = Release|Any CPU
	EndGlobalSection
	GlobalSection(ProjectConfigurationPlatforms) = postSolution
		{74D5C1AB-E9AF-4380-BBE3-1B421B4B18DE}.Debug|Any CPU.ActiveCfg = Debug|Any CPU
		{74D5C1AB-E9AF-4380-BBE3-1B421B4B18DE}.Debug|Any CPU.Build.0 = Debug|Any CPU
		{74D5C1AB-E9AF-4380-BBE3-1B421B4B18DE}.Release|Any CPU.ActiveCfg = Release|Any CPU
		{74D5C1AB-E9AF-4380-BBE3-1B421B4B18DE}.Release|Any CPU.Build.0 = Release|Any CPU
		{327738AD-5750-43BA-9BCD-AC3A878E883F}.Debug|Any CPU.ActiveCfg = Debug|Any CPU
		{327738AD-5750-43BA-9BCD-AC3A878E883F}.Debug|Any CPU.Build.0 = Debug|Any CPU
		{327738AD-5750-43BA-9BCD-AC3A878E883F}.Debug|Any CPU.Deploy.0 = Debug|Any CPU
		{327738AD-5750-43BA-9BCD-AC3A878E883F}.Release|Any CPU.ActiveCfg = Release|Any CPU
		{327738AD-5750-43BA-9BCD-AC3A878E883F}.Release|Any CPU.Build.0 = Release|Any CPU
		{327738AD-5750-43BA-9BCD-AC3A878E883F}.Release|Any CPU.Deploy.0 = Release|Any CPU
	EndGlobalSection
	GlobalSection(SolutionProperties) = preSolution
		HideSolutionNode = FALSE
	EndGlobalSection
	GlobalSection(ExtensibilityGlobals) = postSolution
		SolutionGuid = {418990AD-A111-4AB1-A7B7-D8369A11B28D}
	EndGlobalSection
EndGlobal
